
Microsoft Visual Studio Solution File, Format Version 12.00
# Visual Studio Version 16
VisualStudioVersion = 16.0.30907.101
MinimumVisualStudioVersion = 10.0.40219.1
Project("{9A19103F-16F7-4668-BE54-9A1E7A4F7556}") = "ConsoleApp1", "ConsoleApp1\ConsoleApp1.csproj", "{336179DC-87D0-42B8-9BA8-142401F20332}"
EndProject
Project("{9A19103F-16F7-4668-BE54-9A1E7A4F7556}") = "TurboVision", "..\TurboVision\TurboVision.csproj", "{06957ECF-76F6-4D6E-A278-59DEF22A59D4}"
EndProject
Global
	GlobalSection(SolutionConfigurationPlatforms) = preSolution
		Debug|Any CPU = Debug|Any CPU
		Release|Any CPU = Release|Any CPU
	EndGlobalSection
	GlobalSection(ProjectConfigurationPlatforms) = postSolution
		{336179DC-87D0-42B8-9BA8-142401F20332}.Debug|Any CPU.ActiveCfg = Debug|Any CPU
		{336179DC-87D0-42B8-9BA8-142401F20332}.Debug|Any CPU.Build.0 = Debug|Any CPU
		{336179DC-87D0-42B8-9BA8-142401F20332}.Release|Any CPU.ActiveCfg = Release|Any CPU
		{336179DC-87D0-42B8-9BA8-142401F20332}.Release|Any CPU.Build.0 = Release|Any CPU
		{06957ECF-76F6-4D6E-A278-59DEF22A59D4}.Debug|Any CPU.ActiveCfg = Debug|Any CPU
		{06957ECF-76F6-4D6E-A278-59DEF22A59D4}.Debug|Any CPU.Build.0 = Debug|Any CPU
		{06957ECF-76F6-4D6E-A278-59DEF22A59D4}.Release|Any CPU.ActiveCfg = Release|Any CPU
		{06957ECF-76F6-4D6E-A278-59DEF22A59D4}.Release|Any CPU.Build.0 = Release|Any CPU
	EndGlobalSection
	GlobalSection(SolutionProperties) = preSolution
		HideSolutionNode = FALSE
	EndGlobalSection
	GlobalSection(ExtensibilityGlobals) = postSolution
		SolutionGuid = {DF965C6F-71F1-4054-B961-B0D0C3309717}
	EndGlobalSection
EndGlobal
